// !$*UTF8*$!
{
	archiveVersion = 1;
	classes = {
	};
	objectVersion = 55;
	objects = {

/* Begin PBXBuildFile section */
		3B343DE4287C7AEA00E1B2A9 /* main.swift in Sources */ = {isa = PBXBuildFile; fileRef = 3B343DE3287C7AEA00E1B2A9 /* main.swift */; };
/* End PBXBuildFile section */

/* Begin PBXCopyFilesBuildPhase section */
		3B4CBE34277B5B8F00052175 /* CopyFiles */ = {
			isa = PBXCopyFilesBuildPhase;
			buildActionMask = 2147483647;
			dstPath = /usr/share/man/man1/;
			dstSubfolderSpec = 0;
			files = (
			);
			runOnlyForDeploymentPostprocessing = 1;
		};
/* End PBXCopyFilesBuildPhase section */

/* Begin PBXFileReference section */
		3B0AD52528617F0E00DA75D2 /* 1436.swift */ = {isa = PBXFileReference; lastKnownFileType = sourcecode.swift; path = 1436.swift; sourceTree = "<group>"; };
		3B0AD52828618AF000DA75D2 /* 2108.swift */ = {isa = PBXFileReference; lastKnownFileType = sourcecode.swift; path = 2108.swift; sourceTree = "<group>"; };
		3B0AD52A28619D5B00DA75D2 /* 15658.swift */ = {isa = PBXFileReference; lastKnownFileType = sourcecode.swift; path = 15658.swift; sourceTree = "<group>"; };
		3B0AD52C2861A6BB00DA75D2 /* 6603.swift */ = {isa = PBXFileReference; lastKnownFileType = sourcecode.swift; path = 6603.swift; sourceTree = "<group>"; };
		3B0AD52F2865F55D00DA75D2 /* 10757.swift */ = {isa = PBXFileReference; lastKnownFileType = sourcecode.swift; path = 10757.swift; sourceTree = "<group>"; };
		3B0AD5322869E8C400DA75D2 /* 11653.swift */ = {isa = PBXFileReference; lastKnownFileType = sourcecode.swift; path = 11653.swift; sourceTree = "<group>"; };
		3B0AD5342869EA8B00DA75D2 /* 14425.swift */ = {isa = PBXFileReference; lastKnownFileType = sourcecode.swift; path = 14425.swift; sourceTree = "<group>"; };
		3B0AD5362869ED4E00DA75D2 /* 1620.swift */ = {isa = PBXFileReference; lastKnownFileType = sourcecode.swift; path = 1620.swift; sourceTree = "<group>"; };
		3B0AD5382869F0F800DA75D2 /* Algorithm-Bridging-Header.h */ = {isa = PBXFileReference; lastKnownFileType = sourcecode.c.h; path = "Algorithm-Bridging-Header.h"; sourceTree = "<group>"; };
		3B0AD5392869F0F800DA75D2 /* 10816.swift */ = {isa = PBXFileReference; lastKnownFileType = sourcecode.swift; path = 10816.swift; sourceTree = "<group>"; };
		3B0AD53B2869F79400DA75D2 /* 1764.swift */ = {isa = PBXFileReference; lastKnownFileType = sourcecode.swift; path = 1764.swift; sourceTree = "<group>"; };
		3B0AD53D2869F97200DA75D2 /* 1269.swift */ = {isa = PBXFileReference; lastKnownFileType = sourcecode.swift; path = 1269.swift; sourceTree = "<group>"; };
		3B0AD53F2869FA6700DA75D2 /* 11478.swift */ = {isa = PBXFileReference; lastKnownFileType = sourcecode.swift; path = 11478.swift; sourceTree = "<group>"; };
		3B0AD541286A018D00DA75D2 /* 2477.swift */ = {isa = PBXFileReference; lastKnownFileType = sourcecode.swift; path = 2477.swift; sourceTree = "<group>"; };
		3B0AD543286A19E800DA75D2 /* 1002.swift */ = {isa = PBXFileReference; lastKnownFileType = sourcecode.swift; path = 1002.swift; sourceTree = "<group>"; };
		3B0AD545286B126700DA75D2 /* 1004.swift */ = {isa = PBXFileReference; lastKnownFileType = sourcecode.swift; path = 1004.swift; sourceTree = "<group>"; };
		3B0AD547286B194200DA75D2 /* 1358.swift */ = {isa = PBXFileReference; lastKnownFileType = sourcecode.swift; path = 1358.swift; sourceTree = "<group>"; };
		3B0AD549286B1E0200DA75D2 /* 5086.swift */ = {isa = PBXFileReference; lastKnownFileType = sourcecode.swift; path = 5086.swift; sourceTree = "<group>"; };
		3B0AD54B286B33A400DA75D2 /* 2579.swift */ = {isa = PBXFileReference; lastKnownFileType = sourcecode.swift; path = 2579.swift; sourceTree = "<group>"; };
		3B343DE3287C7AEA00E1B2A9 /* main.swift */ = {isa = PBXFileReference; lastKnownFileType = sourcecode.swift; path = main.swift; sourceTree = "<group>"; };
		3B4CBE36277B5B8F00052175 /* Algorithm */ = {isa = PBXFileReference; explicitFileType = "compiled.mach-o.executable"; includeInIndex = 0; path = Algorithm; sourceTree = BUILT_PRODUCTS_DIR; };
		3B4CBE39277B5B8F00052175 /* 1018.swift */ = {isa = PBXFileReference; lastKnownFileType = sourcecode.swift; path = 1018.swift; sourceTree = "<group>"; };
/* End PBXFileReference section */

/* Begin PBXFrameworksBuildPhase section */
		3B4CBE33277B5B8F00052175 /* Frameworks */ = {
			isa = PBXFrameworksBuildPhase;
			buildActionMask = 2147483647;
			files = (
			);
			runOnlyForDeploymentPostprocessing = 0;
		};
/* End PBXFrameworksBuildPhase section */

/* Begin PBXGroup section */
		3B4CBE2D277B5B8F00052175 = {
			isa = PBXGroup;
			children = (
				3B4CBE38277B5B8F00052175 /* Algorithm */,
				3B4CBE37277B5B8F00052175 /* Products */,
			);
			sourceTree = "<group>";
		};
		3B4CBE37277B5B8F00052175 /* Products */ = {
			isa = PBXGroup;
			children = (
				3B4CBE36277B5B8F00052175 /* Algorithm */,
			);
			name = Products;
			sourceTree = "<group>";
		};
		3B4CBE38277B5B8F00052175 /* Algorithm */ = {
			isa = PBXGroup;
			children = (
				3B0AD5382869F0F800DA75D2 /* Algorithm-Bridging-Header.h */,
				3B4CBE39277B5B8F00052175 /* 1018.swift */,
				3B0AD52528617F0E00DA75D2 /* 1436.swift */,
				3B0AD52828618AF000DA75D2 /* 2108.swift */,
				3B0AD52C2861A6BB00DA75D2 /* 6603.swift */,
				3B0AD52A28619D5B00DA75D2 /* 15658.swift */,
				3B0AD52F2865F55D00DA75D2 /* 10757.swift */,
				3B0AD5322869E8C400DA75D2 /* 11653.swift */,
				3B0AD5342869EA8B00DA75D2 /* 14425.swift */,
				3B0AD5362869ED4E00DA75D2 /* 1620.swift */,
				3B0AD5392869F0F800DA75D2 /* 10816.swift */,
				3B0AD53B2869F79400DA75D2 /* 1764.swift */,
				3B0AD53D2869F97200DA75D2 /* 1269.swift */,
				3B0AD53F2869FA6700DA75D2 /* 11478.swift */,
				3B0AD541286A018D00DA75D2 /* 2477.swift */,
				3B0AD543286A19E800DA75D2 /* 1002.swift */,
				3B0AD545286B126700DA75D2 /* 1004.swift */,
				3B0AD547286B194200DA75D2 /* 1358.swift */,
				3B0AD549286B1E0200DA75D2 /* 5086.swift */,
				3B0AD54B286B33A400DA75D2 /* 2579.swift */,
				3B343DE3287C7AEA00E1B2A9 /* main.swift */,
			);
			path = Algorithm;
			sourceTree = "<group>";
		};
/* End PBXGroup section */

/* Begin PBXNativeTarget section */
		3B4CBE35277B5B8F00052175 /* Algorithm */ = {
			isa = PBXNativeTarget;
			buildConfigurationList = 3B4CBE3D277B5B8F00052175 /* Build configuration list for PBXNativeTarget "Algorithm" */;
			buildPhases = (
				3B4CBE32277B5B8F00052175 /* Sources */,
				3B4CBE33277B5B8F00052175 /* Frameworks */,
				3B4CBE34277B5B8F00052175 /* CopyFiles */,
			);
			buildRules = (
			);
			dependencies = (
			);
			name = Algorithm;
			productName = Algorithm;
			productReference = 3B4CBE36277B5B8F00052175 /* Algorithm */;
			productType = "com.apple.product-type.tool";
		};
/* End PBXNativeTarget section */

/* Begin PBXProject section */
		3B4CBE2E277B5B8F00052175 /* Project object */ = {
			isa = PBXProject;
			attributes = {
				BuildIndependentTargetsInParallel = 1;
				LastSwiftUpdateCheck = 1320;
				LastUpgradeCheck = 1320;
				TargetAttributes = {
					3B4CBE35277B5B8F00052175 = {
						CreatedOnToolsVersion = 13.2.1;
						LastSwiftMigration = 1340;
					};
				};
			};
			buildConfigurationList = 3B4CBE31277B5B8F00052175 /* Build configuration list for PBXProject "Algorithm" */;
			compatibilityVersion = "Xcode 13.0";
			developmentRegion = en;
			hasScannedForEncodings = 0;
			knownRegions = (
				en,
				Base,
			);
			mainGroup = 3B4CBE2D277B5B8F00052175;
			productRefGroup = 3B4CBE37277B5B8F00052175 /* Products */;
			projectDirPath = "";
			projectRoot = "";
			targets = (
				3B4CBE35277B5B8F00052175 /* Algorithm */,
			);
		};
/* End PBXProject section */

/* Begin PBXSourcesBuildPhase section */
		3B4CBE32277B5B8F00052175 /* Sources */ = {
			isa = PBXSourcesBuildPhase;
			buildActionMask = 2147483647;
			files = (
				3B343DE4287C7AEA00E1B2A9 /* main.swift in Sources */,
			);
			runOnlyForDeploymentPostprocessing = 0;
		};
/* End PBXSourcesBuildPhase section */

/* Begin XCBuildConfiguration section */
		3B4CBE3B277B5B8F00052175 /* Debug */ = {
			isa = XCBuildConfiguration;
			buildSettings = {
				ALWAYS_SEARCH_USER_PATHS = NO;
				CLANG_ANALYZER_NONNULL = YES;
				CLANG_ANALYZER_NUMBER_OBJECT_CONVERSION = YES_AGGRESSIVE;
				CLANG_CXX_LANGUAGE_STANDARD = "gnu++17";
				CLANG_CXX_LIBRARY = "libc++";
				CLANG_ENABLE_MODULES = YES;
				CLANG_ENABLE_OBJC_ARC = YES;
				CLANG_ENABLE_OBJC_WEAK = YES;
				CLANG_WARN_BLOCK_CAPTURE_AUTORELEASING = YES;
				CLANG_WARN_BOOL_CONVERSION = YES;
				CLANG_WARN_COMMA = YES;
				CLANG_WARN_CONSTANT_CONVERSION = YES;
				CLANG_WARN_DEPRECATED_OBJC_IMPLEMENTATIONS = YES;
				CLANG_WARN_DIRECT_OBJC_ISA_USAGE = YES_ERROR;
				CLANG_WARN_DOCUMENTATION_COMMENTS = YES;
				CLANG_WARN_EMPTY_BODY = YES;
				CLANG_WARN_ENUM_CONVERSION = YES;
				CLANG_WARN_INFINITE_RECURSION = YES;
				CLANG_WARN_INT_CONVERSION = YES;
				CLANG_WARN_NON_LITERAL_NULL_CONVERSION = YES;
				CLANG_WARN_OBJC_IMPLICIT_RETAIN_SELF = YES;
				CLANG_WARN_OBJC_LITERAL_CONVERSION = YES;
				CLANG_WARN_OBJC_ROOT_CLASS = YES_ERROR;
				CLANG_WARN_QUOTED_INCLUDE_IN_FRAMEWORK_HEADER = YES;
				CLANG_WARN_RANGE_LOOP_ANALYSIS = YES;
				CLANG_WARN_STRICT_PROTOTYPES = YES;
				CLANG_WARN_SUSPICIOUS_MOVE = YES;
				CLANG_WARN_UNGUARDED_AVAILABILITY = YES_AGGRESSIVE;
				CLANG_WARN_UNREACHABLE_CODE = YES;
				CLANG_WARN__DUPLICATE_METHOD_MATCH = YES;
				COPY_PHASE_STRIP = NO;
				DEBUG_INFORMATION_FORMAT = dwarf;
				ENABLE_STRICT_OBJC_MSGSEND = YES;
				ENABLE_TESTABILITY = YES;
				GCC_C_LANGUAGE_STANDARD = gnu11;
				GCC_DYNAMIC_NO_PIC = NO;
				GCC_NO_COMMON_BLOCKS = YES;
				GCC_OPTIMIZATION_LEVEL = 0;
				GCC_PREPROCESSOR_DEFINITIONS = (
					"DEBUG=1",
					"$(inherited)",
				);
				GCC_WARN_64_TO_32_BIT_CONVERSION = YES;
				GCC_WARN_ABOUT_RETURN_TYPE = YES_ERROR;
				GCC_WARN_UNDECLARED_SELECTOR = YES;
				GCC_WARN_UNINITIALIZED_AUTOS = YES_AGGRESSIVE;
				GCC_WARN_UNUSED_FUNCTION = YES;
				GCC_WARN_UNUSED_VARIABLE = YES;
				MACOSX_DEPLOYMENT_TARGET = 11.6;
				MTL_ENABLE_DEBUG_INFO = INCLUDE_SOURCE;
				MTL_FAST_MATH = YES;
				ONLY_ACTIVE_ARCH = YES;
				SDKROOT = macosx;
				SWIFT_ACTIVE_COMPILATION_CONDITIONS = DEBUG;
				SWIFT_OPTIMIZATION_LEVEL = "-Onone";
			};
			name = Debug;
		};
		3B4CBE3C277B5B8F00052175 /* Release */ = {
			isa = XCBuildConfiguration;
			buildSettings = {
				ALWAYS_SEARCH_USER_PATHS = NO;
				CLANG_ANALYZER_NONNULL = YES;
				CLANG_ANALYZER_NUMBER_OBJECT_CONVERSION = YES_AGGRESSIVE;
				CLANG_CXX_LANGUAGE_STANDARD = "gnu++17";
				CLANG_CXX_LIBRARY = "libc++";
				CLANG_ENABLE_MODULES = YES;
				CLANG_ENABLE_OBJC_ARC = YES;
				CLANG_ENABLE_OBJC_WEAK = YES;
				CLANG_WARN_BLOCK_CAPTURE_AUTORELEASING = YES;
				CLANG_WARN_BOOL_CONVERSION = YES;
				CLANG_WARN_COMMA = YES;
				CLANG_WARN_CONSTANT_CONVERSION = YES;
				CLANG_WARN_DEPRECATED_OBJC_IMPLEMENTATIONS = YES;
				CLANG_WARN_DIRECT_OBJC_ISA_USAGE = YES_ERROR;
				CLANG_WARN_DOCUMENTATION_COMMENTS = YES;
				CLANG_WARN_EMPTY_BODY = YES;
				CLANG_WARN_ENUM_CONVERSION = YES;
				CLANG_WARN_INFINITE_RECURSION = YES;
				CLANG_WARN_INT_CONVERSION = YES;
				CLANG_WARN_NON_LITERAL_NULL_CONVERSION = YES;
				CLANG_WARN_OBJC_IMPLICIT_RETAIN_SELF = YES;
				CLANG_WARN_OBJC_LITERAL_CONVERSION = YES;
				CLANG_WARN_OBJC_ROOT_CLASS = YES_ERROR;
				CLANG_WARN_QUOTED_INCLUDE_IN_FRAMEWORK_HEADER = YES;
				CLANG_WARN_RANGE_LOOP_ANALYSIS = YES;
				CLANG_WARN_STRICT_PROTOTYPES = YES;
				CLANG_WARN_SUSPICIOUS_MOVE = YES;
				CLANG_WARN_UNGUARDED_AVAILABILITY = YES_AGGRESSIVE;
				CLANG_WARN_UNREACHABLE_CODE = YES;
				CLANG_WARN__DUPLICATE_METHOD_MATCH = YES;
				COPY_PHASE_STRIP = NO;
				DEBUG_INFORMATION_FORMAT = "dwarf-with-dsym";
				ENABLE_NS_ASSERTIONS = NO;
				ENABLE_STRICT_OBJC_MSGSEND = YES;
				GCC_C_LANGUAGE_STANDARD = gnu11;
				GCC_NO_COMMON_BLOCKS = YES;
				GCC_WARN_64_TO_32_BIT_CONVERSION = YES;
				GCC_WARN_ABOUT_RETURN_TYPE = YES_ERROR;
				GCC_WARN_UNDECLARED_SELECTOR = YES;
				GCC_WARN_UNINITIALIZED_AUTOS = YES_AGGRESSIVE;
				GCC_WARN_UNUSED_FUNCTION = YES;
				GCC_WARN_UNUSED_VARIABLE = YES;
				MACOSX_DEPLOYMENT_TARGET = 11.6;
				MTL_ENABLE_DEBUG_INFO = NO;
				MTL_FAST_MATH = YES;
				SDKROOT = macosx;
				SWIFT_COMPILATION_MODE = wholemodule;
				SWIFT_OPTIMIZATION_LEVEL = "-O";
			};
			name = Release;
		};
		3B4CBE3E277B5B8F00052175 /* Debug */ = {
			isa = XCBuildConfiguration;
			buildSettings = {
				CLANG_ENABLE_MODULES = YES;
				CODE_SIGN_STYLE = Automatic;
				LD_RUNPATH_SEARCH_PATHS = (
					"$(inherited)",
					"@executable_path/../Frameworks",
					"@loader_path/../Frameworks",
				);
				PRODUCT_NAME = "$(TARGET_NAME)";
				SWIFT_OBJC_BRIDGING_HEADER = "Algorithm/Algorithm-Bridging-Header.h";
				SWIFT_OPTIMIZATION_LEVEL = "-Onone";
				SWIFT_VERSION = 5.0;
			};
			name = Debug;
		};
		3B4CBE3F277B5B8F00052175 /* Release */ = {
			isa = XCBuildConfiguration;
			buildSettings = {
				CLANG_ENABLE_MODULES = YES;
				CODE_SIGN_STYLE = Automatic;
				LD_RUNPATH_SEARCH_PATHS = (
					"$(inherited)",
					"@executable_path/../Frameworks",
					"@loader_path/../Frameworks",
				);
				PRODUCT_NAME = "$(TARGET_NAME)";
				SWIFT_OBJC_BRIDGING_HEADER = "Algorithm/Algorithm-Bridging-Header.h";
				SWIFT_VERSION = 5.0;
			};
			name = Release;
		};
/* End XCBuildConfiguration section */

/* Begin XCConfigurationList section */
		3B4CBE31277B5B8F00052175 /* Build configuration list for PBXProject "Algorithm" */ = {
			isa = XCConfigurationList;
			buildConfigurations = (
				3B4CBE3B277B5B8F00052175 /* Debug */,
				3B4CBE3C277B5B8F00052175 /* Release */,
			);
			defaultConfigurationIsVisible = 0;
			defaultConfigurationName = Release;
		};
		3B4CBE3D277B5B8F00052175 /* Build configuration list for PBXNativeTarget "Algorithm" */ = {
			isa = XCConfigurationList;
			buildConfigurations = (
				3B4CBE3E277B5B8F00052175 /* Debug */,
				3B4CBE3F277B5B8F00052175 /* Release */,
			);
			defaultConfigurationIsVisible = 0;
			defaultConfigurationName = Release;
		};
/* End XCConfigurationList section */
	};
	rootObject = 3B4CBE2E277B5B8F00052175 /* Project object */;
}
